github.com/davecgh/go-spew v1.1.1 h1:vj9j/u1bqnvCEfJOwUhtlOARqs3+rkHYY13jYWTU97c=
github.com/dt-rush/sameriver v0.0.0-20180803233206-b671e948e1dc h1:UfL6JGpFFKgxgKUibxHgww/PAxGwWLHInu153UOsq1I=
github.com/dt-rush/sameriver v0.0.0-20180803233206-b671e948e1dc/go.mod h1:BugOm/Te00sMNYt8txv5iof/vxZU8x32PyZTSENFA28=
github.com/dt-rush/sameriver v0.0.0-20230130125946-89a13adf7cba h1:mBD+snwxrIk9bSZoiNKAUKpwTGiudsjzEEpzfHTfd7s=
github.com/dt-rush/sameriver v0.0.0-20230130125946-89a13adf7cba/go.mod h1:e56zVm1MkbxiKnZ1IG9EoS5MvCmVlMIn7tNEp85dtLQ=
github.com/dt-rush/sameriver v0.0.0-20230130134107-6b7c8ca21460 h1:C+azFLtvPgqrnsQMk6IKWHABKecOdBt1mZJ2n4FJ8is=
github.com/dt-rush/sameriver v0.0.0-20230130134107-6b7c8ca21460/go.mod h1:e56zVm1MkbxiKnZ1IG9EoS5MvCmVlMIn7tNEp85dtLQ=
github.com/golang-collections/go-datastructures v0.0.0-20150211160725-59788d5eb259 h1:ZHJ7+IGpuOXtVf6Zk/a3WuHQgkC+vXwaqfUBDFwahtI=
github.com/golang-collections/go-datastructures v0.0.0-20150211160725-59788d5eb259/go.mod h1:9Qcha0gTWLw//0VNka1Cbnjvg3pNKGFdAm7E9sBabxE=
github.com/pmezard/go-difflib v1.0.0 h1:4DBwDE0NGyQoBHbLQYPwSUPoCMWR5BEzIk/f1lZbAQM=
github.com/stretchr/testify v1.3.0 h1:TivCn/peBQ7UY8ooIcPgZFpTNSz0Q2U6UrFlUfqbe0Q=
github.com/veandco/go-sdl2 v0.4.30 h1:ZES8cWfk512B1OETAfw8BFbV5k6K4XE6rUlzfgj3KZA=
github.com/veandco/go-sdl2 v0.4.30/go.mod h1:OROqMhHD43nT4/i9crJukyVecjPNYYuCofep6SNiAjY=
go.uber.org/atomic v1.10.0 h1:9qC72Qh0+3MqyJbAn8YU5xVq1frD8bn3JtD2oXtafVQ=
go.uber.org/atomic v1.10.0/go.mod h1:LUxbIzbOniOlMKjJjyPfpl4v+PKK2cNJn91OQbhoJI0=
